// !$*UTF8*$!
{
	archiveVersion = 1;
	classes = {
	};
	objectVersion = 46;
	objects = {

/* Begin PBXBuildFile section */
		B32DAB031DA0D2F200B7ED58 /* TableViewCellWithTableView.h in Headers */ = {isa = PBXBuildFile; fileRef = B32DAB011DA0D2F200B7ED58 /* TableViewCellWithTableView.h */; settings = {ATTRIBUTES = (Public, ); }; };
		B32DAB0C1DA0D32000B7ED58 /* InnerTableView.swift in Sources */ = {isa = PBXBuildFile; fileRef = B32DAB091DA0D32000B7ED58 /* InnerTableView.swift */; };
		B32DAB0D1DA0D32000B7ED58 /* InnerTableViewCell.swift in Sources */ = {isa = PBXBuildFile; fileRef = B32DAB0A1DA0D32000B7ED58 /* InnerTableViewCell.swift */; };
		B32DAB0E1DA0D32000B7ED58 /* TableViewCellWithTableView.swift in Sources */ = {isa = PBXBuildFile; fileRef = B32DAB0B1DA0D32000B7ED58 /* TableViewCellWithTableView.swift */; };
/* End PBXBuildFile section */

/* Begin PBXFileReference section */
		B32DAAFE1DA0D2F200B7ED58 /* TableViewCellWithTableView.framework */ = {isa = PBXFileReference; explicitFileType = wrapper.framework; includeInIndex = 0; path = TableViewCellWithTableView.framework; sourceTree = BUILT_PRODUCTS_DIR; };
		B32DAB011DA0D2F200B7ED58 /* TableViewCellWithTableView.h */ = {isa = PBXFileReference; lastKnownFileType = sourcecode.c.h; path = TableViewCellWithTableView.h; sourceTree = "<group>"; };
		B32DAB021DA0D2F200B7ED58 /* Info.plist */ = {isa = PBXFileReference; lastKnownFileType = text.plist.xml; path = Info.plist; sourceTree = "<group>"; };
		B32DAB091DA0D32000B7ED58 /* InnerTableView.swift */ = {isa = PBXFileReference; fileEncoding = 4; lastKnownFileType = sourcecode.swift; path = InnerTableView.swift; sourceTree = "<group>"; };
		B32DAB0A1DA0D32000B7ED58 /* InnerTableViewCell.swift */ = {isa = PBXFileReference; fileEncoding = 4; lastKnownFileType = sourcecode.swift; path = InnerTableViewCell.swift; sourceTree = "<group>"; };
		B32DAB0B1DA0D32000B7ED58 /* TableViewCellWithTableView.swift */ = {isa = PBXFileReference; fileEncoding = 4; lastKnownFileType = sourcecode.swift; path = TableViewCellWithTableView.swift; sourceTree = "<group>"; };
/* End PBXFileReference section */

/* Begin PBXFrameworksBuildPhase section */
		B32DAAFA1DA0D2F200B7ED58 /* Frameworks */ = {
			isa = PBXFrameworksBuildPhase;
			buildActionMask = 2147483647;
			files = (
			);
			runOnlyForDeploymentPostprocessing = 0;
		};
/* End PBXFrameworksBuildPhase section */

/* Begin PBXGroup section */
		B32DAAF41DA0D2F200B7ED58 = {
			isa = PBXGroup;
			children = (
				B32DAB001DA0D2F200B7ED58 /* TableViewCellWithTableView */,
				B32DAAFF1DA0D2F200B7ED58 /* Products */,
			);
			sourceTree = "<group>";
		};
		B32DAAFF1DA0D2F200B7ED58 /* Products */ = {
			isa = PBXGroup;
			children = (
				B32DAAFE1DA0D2F200B7ED58 /* TableViewCellWithTableView.framework */,
			);
			name = Products;
			sourceTree = "<group>";
		};
		B32DAB001DA0D2F200B7ED58 /* TableViewCellWithTableView */ = {
			isa = PBXGroup;
			children = (
				B32DAB091DA0D32000B7ED58 /* InnerTableView.swift */,
				B32DAB0A1DA0D32000B7ED58 /* InnerTableViewCell.swift */,
				B32DAB0B1DA0D32000B7ED58 /* TableViewCellWithTableView.swift */,
				B32DAB0F1DA0D32900B7ED58 /* Other */,
			);
			path = TableViewCellWithTableView;
			sourceTree = "<group>";
		};
		B32DAB0F1DA0D32900B7ED58 /* Other */ = {
			isa = PBXGroup;
			children = (
				B32DAB011DA0D2F200B7ED58 /* TableViewCellWithTableView.h */,
				B32DAB021DA0D2F200B7ED58 /* Info.plist */,
			);
			name = Other;
			sourceTree = "<group>";
		};
/* End PBXGroup section */

/* Begin PBXHeadersBuildPhase section */
		B32DAAFB1DA0D2F200B7ED58 /* Headers */ = {
			isa = PBXHeadersBuildPhase;
			buildActionMask = 2147483647;
			files = (
				B32DAB031DA0D2F200B7ED58 /* TableViewCellWithTableView.h in Headers */,
			);
			runOnlyForDeploymentPostprocessing = 0;
		};
/* End PBXHeadersBuildPhase section */

/* Begin PBXNativeTarget section */
		B32DAAFD1DA0D2F200B7ED58 /* TableViewCellWithTableView */ = {
			isa = PBXNativeTarget;
			buildConfigurationList = B32DAB061DA0D2F200B7ED58 /* Build configuration list for PBXNativeTarget "TableViewCellWithTableView" */;
			buildPhases = (
				B32DAAF91DA0D2F200B7ED58 /* Sources */,
				B32DAAFA1DA0D2F200B7ED58 /* Frameworks */,
				B32DAAFB1DA0D2F200B7ED58 /* Headers */,
				B32DAAFC1DA0D2F200B7ED58 /* Resources */,
			);
			buildRules = (
			);
			dependencies = (
			);
			name = TableViewCellWithTableView;
			productName = TableViewCellWithTableView;
			productReference = B32DAAFE1DA0D2F200B7ED58 /* TableViewCellWithTableView.framework */;
			productType = "com.apple.product-type.framework";
		};
/* End PBXNativeTarget section */

/* Begin PBXProject section */
		B32DAAF51DA0D2F200B7ED58 /* Project object */ = {
			isa = PBXProject;
			attributes = {
				LastUpgradeCheck = 0800;
				ORGANIZATIONNAME = "Nathan Lanza";
				TargetAttributes = {
					B32DAAFD1DA0D2F200B7ED58 = {
						CreatedOnToolsVersion = 8.0;
						DevelopmentTeam = 72MNHNDUNH;
						LastSwiftMigration = 0800;
						ProvisioningStyle = Automatic;
					};
				};
			};
			buildConfigurationList = B32DAAF81DA0D2F200B7ED58 /* Build configuration list for PBXProject "TableViewCellWithTableView" */;
			compatibilityVersion = "Xcode 3.2";
			developmentRegion = English;
			hasScannedForEncodings = 0;
			knownRegions = (
				en,
			);
			mainGroup = B32DAAF41DA0D2F200B7ED58;
			productRefGroup = B32DAAFF1DA0D2F200B7ED58 /* Products */;
			projectDirPath = "";
			projectRoot = "";
			targets = (
				B32DAAFD1DA0D2F200B7ED58 /* TableViewCellWithTableView */,
			);
		};
/* End PBXProject section */

/* Begin PBXResourcesBuildPhase section */
		B32DAAFC1DA0D2F200B7ED58 /* Resources */ = {
			isa = PBXResourcesBuildPhase;
			buildActionMask = 2147483647;
			files = (
			);
			runOnlyForDeploymentPostprocessing = 0;
		};
/* End PBXResourcesBuildPhase section */

/* Begin PBXSourcesBuildPhase section */
		B32DAAF91DA0D2F200B7ED58 /* Sources */ = {
			isa = PBXSourcesBuildPhase;
			buildActionMask = 2147483647;
			files = (
				B32DAB0D1DA0D32000B7ED58 /* InnerTableViewCell.swift in Sources */,
				B32DAB0E1DA0D32000B7ED58 /* TableViewCellWithTableView.swift in Sources */,
				B32DAB0C1DA0D32000B7ED58 /* InnerTableView.swift in Sources */,
			);
			runOnlyForDeploymentPostprocessing = 0;
		};
/* End PBXSourcesBuildPhase section */

/* Begin XCBuildConfiguration section */
		B32DAB041DA0D2F200B7ED58 /* Debug */ = {
			isa = XCBuildConfiguration;
			buildSettings = {
				ALWAYS_SEARCH_USER_PATHS = NO;
				CLANG_ANALYZER_NONNULL = YES;
				CLANG_CXX_LANGUAGE_STANDARD = "gnu++0x";
				CLANG_CXX_LIBRARY = "libc++";
				CLANG_ENABLE_MODULES = YES;
				CLANG_ENABLE_OBJC_ARC = YES;
				CLANG_WARN_BOOL_CONVERSION = YES;
				CLANG_WARN_CONSTANT_CONVERSION = YES;
				CLANG_WARN_DIRECT_OBJC_ISA_USAGE = YES_ERROR;
				CLANG_WARN_DOCUMENTATION_COMMENTS = YES;
				CLANG_WARN_EMPTY_BODY = YES;
				CLANG_WARN_ENUM_CONVERSION = YES;
				CLANG_WARN_INFINITE_RECURSION = YES;
				CLANG_WARN_INT_CONVERSION = YES;
				CLANG_WARN_OBJC_ROOT_CLASS = YES_ERROR;
				CLANG_WARN_SUSPICIOUS_MOVES = YES;
				CLANG_WARN_UNREACHABLE_CODE = YES;
				CLANG_WARN__DUPLICATE_METHOD_MATCH = YES;
				"CODE_SIGN_IDENTITY[sdk=iphoneos*]" = "iPhone Developer";
				COPY_PHASE_STRIP = NO;
				CURRENT_PROJECT_VERSION = 1;
				DEBUG_INFORMATION_FORMAT = dwarf;
				ENABLE_STRICT_OBJC_MSGSEND = YES;
				ENABLE_TESTABILITY = YES;
				GCC_C_LANGUAGE_STANDARD = gnu99;
				GCC_DYNAMIC_NO_PIC = NO;
				GCC_NO_COMMON_BLOCKS = YES;
				GCC_OPTIMIZATION_LEVEL = 0;
				GCC_PREPROCESSOR_DEFINITIONS = (
					"DEBUG=1",
					"$(inherited)",
				);
				GCC_WARN_64_TO_32_BIT_CONVERSION = YES;
				GCC_WARN_ABOUT_RETURN_TYPE = YES_ERROR;
				GCC_WARN_UNDECLARED_SELECTOR = YES;
				GCC_WARN_UNINITIALIZED_AUTOS = YES_AGGRESSIVE;
				GCC_WARN_UNUSED_FUNCTION = YES;
				GCC_WARN_UNUSED_VARIABLE = YES;
				IPHONEOS_DEPLOYMENT_TARGET = 10.0;
				MTL_ENABLE_DEBUG_INFO = YES;
				ONLY_ACTIVE_ARCH = YES;
				SDKROOT = iphoneos;
				SWIFT_ACTIVE_COMPILATION_CONDITIONS = DEBUG;
				SWIFT_OPTIMIZATION_LEVEL = "-Onone";
				TARGETED_DEVICE_FAMILY = "1,2";
				VERSIONING_SYSTEM = "apple-generic";
				VERSION_INFO_PREFIX = "";
			};
			name = Debug;
		};
		B32DAB051DA0D2F200B7ED58 /* Release */ = {
			isa = XCBuildConfiguration;
			buildSettings = {
				ALWAYS_SEARCH_USER_PATHS = NO;
				CLANG_ANALYZER_NONNULL = YES;
				CLANG_CXX_LANGUAGE_STANDARD = "gnu++0x";
				CLANG_CXX_LIBRARY = "libc++";
				CLANG_ENABLE_MODULES = YES;
				CLANG_ENABLE_OBJC_ARC = YES;
				CLANG_WARN_BOOL_CONVERSION = YES;
				CLANG_WARN_CONSTANT_CONVERSION = YES;
				CLANG_WARN_DIRECT_OBJC_ISA_USAGE = YES_ERROR;
				CLANG_WARN_DOCUMENTATION_COMMENTS = YES;
				CLANG_WARN_EMPTY_BODY = YES;
				CLANG_WARN_ENUM_CONVERSION = YES;
				CLANG_WARN_INFINITE_RECURSION = YES;
				CLANG_WARN_INT_CONVERSION = YES;
				CLANG_WARN_OBJC_ROOT_CLASS = YES_ERROR;
				CLANG_WARN_SUSPICIOUS_MOVES = YES;
				CLANG_WARN_UNREACHABLE_CODE = YES;
				CLANG_WARN__DUPLICATE_METHOD_MATCH = YES;
				"CODE_SIGN_IDENTITY[sdk=iphoneos*]" = "iPhone Developer";
				COPY_PHASE_STRIP = NO;
				CURRENT_PROJECT_VERSION = 1;
				DEBUG_INFORMATION_FORMAT = "dwarf-with-dsym";
				ENABLE_NS_ASSERTIONS = NO;
				ENABLE_STRICT_OBJC_MSGSEND = YES;
				GCC_C_LANGUAGE_STANDARD = gnu99;
				GCC_NO_COMMON_BLOCKS = YES;
				GCC_WARN_64_TO_32_BIT_CONVERSION = YES;
				GCC_WARN_ABOUT_RETURN_TYPE = YES_ERROR;
				GCC_WARN_UNDECLARED_SELECTOR = YES;
				GCC_WARN_UNINITIALIZED_AUTOS = YES_AGGRESSIVE;
				GCC_WARN_UNUSED_FUNCTION = YES;
				GCC_WARN_UNUSED_VARIABLE = YES;
				IPHONEOS_DEPLOYMENT_TARGET = 10.0;
				MTL_ENABLE_DEBUG_INFO = NO;
				SDKROOT = iphoneos;
				SWIFT_OPTIMIZATION_LEVEL = "-Owholemodule";
				TARGETED_DEVICE_FAMILY = "1,2";
				VALIDATE_PRODUCT = YES;
				VERSIONING_SYSTEM = "apple-generic";
				VERSION_INFO_PREFIX = "";
			};
			name = Release;
		};
		B32DAB071DA0D2F200B7ED58 /* Debug */ = {
			isa = XCBuildConfiguration;
			buildSettings = {
				CLANG_ENABLE_MODULES = YES;
				CODE_SIGN_IDENTITY = "";
				DEFINES_MODULE = YES;
				DEVELOPMENT_TEAM = 72MNHNDUNH;
				DYLIB_COMPATIBILITY_VERSION = 1;
				DYLIB_CURRENT_VERSION = 1;
				DYLIB_INSTALL_NAME_BASE = "@rpath";
				INFOPLIST_FILE = TableViewCellWithTableView/Info.plist;
				INSTALL_PATH = "$(LOCAL_LIBRARY_DIR)/Frameworks";
				LD_RUNPATH_SEARCH_PATHS = "$(inherited) @executable_path/Frameworks @loader_path/Frameworks";
				PRODUCT_BUNDLE_IDENTIFIER = io.lanza.TableViewCellWithTableView;
				PRODUCT_NAME = "$(TARGET_NAME)";
				SKIP_INSTALL = YES;
				SWIFT_OPTIMIZATION_LEVEL = "-Onone";
				SWIFT_VERSION = 3.0;
			};
			name = Debug;
		};
		B32DAB081DA0D2F200B7ED58 /* Release */ = {
			isa = XCBuildConfiguration;
			buildSettings = {
				CLANG_ENABLE_MODULES = YES;
				CODE_SIGN_IDENTITY = "";
				DEFINES_MODULE = YES;
				DEVELOPMENT_TEAM = 72MNHNDUNH;
				DYLIB_COMPATIBILITY_VERSION = 1;
				DYLIB_CURRENT_VERSION = 1;
				DYLIB_INSTALL_NAME_BASE = "@rpath";
				INFOPLIST_FILE = TableViewCellWithTableView/Info.plist;
				INSTALL_PATH = "$(LOCAL_LIBRARY_DIR)/Frameworks";
				LD_RUNPATH_SEARCH_PATHS = "$(inherited) @executable_path/Frameworks @loader_path/Frameworks";
				PRODUCT_BUNDLE_IDENTIFIER = io.lanza.TableViewCellWithTableView;
				PRODUCT_NAME = "$(TARGET_NAME)";
				SKIP_INSTALL = YES;
				SWIFT_VERSION = 3.0;
			};
			name = Release;
		};
/* End XCBuildConfiguration section */

/* Begin XCConfigurationList section */
		B32DAAF81DA0D2F200B7ED58 /* Build configuration list for PBXProject "TableViewCellWithTableView" */ = {
			isa = XCConfigurationList;
			buildConfigurations = (
				B32DAB041DA0D2F200B7ED58 /* Debug */,
				B32DAB051DA0D2F200B7ED58 /* Release */,
			);
			defaultConfigurationIsVisible = 0;
			defaultConfigurationName = Release;
		};
		B32DAB061DA0D2F200B7ED58 /* Build configuration list for PBXNativeTarget "TableViewCellWithTableView" */ = {
			isa = XCConfigurationList;
			buildConfigurations = (
				B32DAB071DA0D2F200B7ED58 /* Debug */,
				B32DAB081DA0D2F200B7ED58 /* Release */,
			);
			defaultConfigurationIsVisible = 0;
		};
/* End XCConfigurationList section */
	};
	rootObject = B32DAAF51DA0D2F200B7ED58 /* Project object */;
}
